
Microsoft Visual Studio Solution File, Format Version 12.00
Project("{2150E333-8FDC-42A3-9474-1A3956D46DE8}") = "N77", "N77", "{8065D868-97CC-400D-89F4-B497E48EC042}"
EndProject
Project("{2150E333-8FDC-42A3-9474-1A3956D46DE8}") = "N78", "N78", "{C699F3E7-EF40-4EEE-808E-CBE8D79C74A0}"
EndProject
Project("{2150E333-8FDC-42A3-9474-1A3956D46DE8}") = "N76", "N76", "{2D5FA529-6479-46C6-A4EB-9907EC17DAB2}"
EndProject
Project("{FAE04EC0-301F-11D3-BF4B-00C04F79EFBC}") = "N76-HomeTask", "N76-HomeTask\N76-HomeTask.csproj", "{A4A73874-3042-415B-853B-30B36BD674BD}"
EndProject
Project("{2150E333-8FDC-42A3-9474-1A3956D46DE8}") = "N70", "N70", "{F6AE2394-314C-4B7F-A90E-B84AA5EF5AF7}"
EndProject
Project("{2150E333-8FDC-42A3-9474-1A3956D46DE8}") = "HomeTask", "HomeTask", "{625BA3AD-B08E-4F48-9D12-94036B93279A}"
EndProject
Project("{FAE04EC0-301F-11D3-BF4B-00C04F79EFBC}") = "N70HomeTask", "N70HomeTask\N70HomeTask.csproj", "{EF570129-DDFD-4D64-AF17-D18FF7372A2A}"
EndProject
Project("{FAE04EC0-301F-11D3-BF4B-00C04F79EFBC}") = "N70HomeTask.Domain", "N70HomeTask.Domain\N70HomeTask.Domain.csproj", "{847B0416-D8F9-4D07-BBC5-E8828FBB85C0}"
EndProject
Project("{FAE04EC0-301F-11D3-BF4B-00C04F79EFBC}") = "N70HomeTask.Application", "N70HomeTask.Application\N70HomeTask.Application.csproj", "{8CF7D8AA-964B-457E-A4E6-6133CF5B7E81}"
EndProject
Project("{FAE04EC0-301F-11D3-BF4B-00C04F79EFBC}") = "N70HomeTask.Infrastructure", "N70HomeTask.Infrastructure\N70HomeTask.Infrastructure.csproj", "{6DD0D4F1-4E21-4341-8DE6-5A74D82524D9}"
EndProject
Project("{FAE04EC0-301F-11D3-BF4B-00C04F79EFBC}") = "N70HomeTask.Persistense", "N70HomeTask.Persistense\N70HomeTask.Persistense.csproj", "{D0319D3E-2B99-4458-8D08-BA86F5487759}"
EndProject
Project("{2150E333-8FDC-42A3-9474-1A3956D46DE8}") = "N71", "N71", "{17409F01-E072-43E7-A0FC-D3A31574BFAF}"
EndProject
Project("{2150E333-8FDC-42A3-9474-1A3956D46DE8}") = "HomeTask", "HomeTask", "{7C309FB0-27A6-4FCA-915A-7C106B0816E4}"
EndProject
Project("{FAE04EC0-301F-11D3-BF4B-00C04F79EFBC}") = "N71HomeTask.Api", "N71HomeTask.Api\N71HomeTask.Api.csproj", "{9371594D-5288-4A97-8B8A-CF12EE997B53}"
EndProject
Project("{FAE04EC0-301F-11D3-BF4B-00C04F79EFBC}") = "N71HomeTask.Domain", "N71HomeTask.Domain\N71HomeTask.Domain.csproj", "{22CDD4E2-1C9A-4B40-BE27-AFCC484BA01C}"
EndProject
Project("{FAE04EC0-301F-11D3-BF4B-00C04F79EFBC}") = "N71HomeTask.Application", "N71HomeTask.Application\N71HomeTask.Application.csproj", "{42894E30-2946-4484-891E-C2567AD783E7}"
EndProject
Project("{FAE04EC0-301F-11D3-BF4B-00C04F79EFBC}") = "N71HomeTask.Infrastructure", "N71HomeTask.Infrastructure\N71HomeTask.Infrastructure.csproj", "{E2FEE5CC-D258-424D-B0FD-2F9F803DF00A}"
EndProject
Project("{FAE04EC0-301F-11D3-BF4B-00C04F79EFBC}") = "N71HomeTask.Persistense", "N71HomeTask.Persistense\N71HomeTask.Persistense.csproj", "{87821354-A53B-4D41-A187-2E0277D710F5}"
EndProject
Global
	GlobalSection(SolutionConfigurationPlatforms) = preSolution
		Debug|Any CPU = Debug|Any CPU
		Release|Any CPU = Release|Any CPU
	EndGlobalSection
	GlobalSection(ProjectConfigurationPlatforms) = postSolution
		{A4A73874-3042-415B-853B-30B36BD674BD}.Debug|Any CPU.ActiveCfg = Debug|Any CPU
		{A4A73874-3042-415B-853B-30B36BD674BD}.Debug|Any CPU.Build.0 = Debug|Any CPU
		{A4A73874-3042-415B-853B-30B36BD674BD}.Release|Any CPU.ActiveCfg = Release|Any CPU
		{A4A73874-3042-415B-853B-30B36BD674BD}.Release|Any CPU.Build.0 = Release|Any CPU
		{EF570129-DDFD-4D64-AF17-D18FF7372A2A}.Debug|Any CPU.ActiveCfg = Debug|Any CPU
		{EF570129-DDFD-4D64-AF17-D18FF7372A2A}.Debug|Any CPU.Build.0 = Debug|Any CPU
		{EF570129-DDFD-4D64-AF17-D18FF7372A2A}.Release|Any CPU.ActiveCfg = Release|Any CPU
		{EF570129-DDFD-4D64-AF17-D18FF7372A2A}.Release|Any CPU.Build.0 = Release|Any CPU
		{847B0416-D8F9-4D07-BBC5-E8828FBB85C0}.Debug|Any CPU.ActiveCfg = Debug|Any CPU
		{847B0416-D8F9-4D07-BBC5-E8828FBB85C0}.Debug|Any CPU.Build.0 = Debug|Any CPU
		{847B0416-D8F9-4D07-BBC5-E8828FBB85C0}.Release|Any CPU.ActiveCfg = Release|Any CPU
		{847B0416-D8F9-4D07-BBC5-E8828FBB85C0}.Release|Any CPU.Build.0 = Release|Any CPU
		{8CF7D8AA-964B-457E-A4E6-6133CF5B7E81}.Debug|Any CPU.ActiveCfg = Debug|Any CPU
		{8CF7D8AA-964B-457E-A4E6-6133CF5B7E81}.Debug|Any CPU.Build.0 = Debug|Any CPU
		{8CF7D8AA-964B-457E-A4E6-6133CF5B7E81}.Release|Any CPU.ActiveCfg = Release|Any CPU
		{8CF7D8AA-964B-457E-A4E6-6133CF5B7E81}.Release|Any CPU.Build.0 = Release|Any CPU
		{6DD0D4F1-4E21-4341-8DE6-5A74D82524D9}.Debug|Any CPU.ActiveCfg = Debug|Any CPU
		{6DD0D4F1-4E21-4341-8DE6-5A74D82524D9}.Debug|Any CPU.Build.0 = Debug|Any CPU
		{6DD0D4F1-4E21-4341-8DE6-5A74D82524D9}.Release|Any CPU.ActiveCfg = Release|Any CPU
		{6DD0D4F1-4E21-4341-8DE6-5A74D82524D9}.Release|Any CPU.Build.0 = Release|Any CPU
		{D0319D3E-2B99-4458-8D08-BA86F5487759}.Debug|Any CPU.ActiveCfg = Debug|Any CPU
		{D0319D3E-2B99-4458-8D08-BA86F5487759}.Debug|Any CPU.Build.0 = Debug|Any CPU
		{D0319D3E-2B99-4458-8D08-BA86F5487759}.Release|Any CPU.ActiveCfg = Release|Any CPU
		{D0319D3E-2B99-4458-8D08-BA86F5487759}.Release|Any CPU.Build.0 = Release|Any CPU
		{9371594D-5288-4A97-8B8A-CF12EE997B53}.Debug|Any CPU.ActiveCfg = Debug|Any CPU
		{9371594D-5288-4A97-8B8A-CF12EE997B53}.Debug|Any CPU.Build.0 = Debug|Any CPU
		{9371594D-5288-4A97-8B8A-CF12EE997B53}.Release|Any CPU.ActiveCfg = Release|Any CPU
		{9371594D-5288-4A97-8B8A-CF12EE997B53}.Release|Any CPU.Build.0 = Release|Any CPU
		{22CDD4E2-1C9A-4B40-BE27-AFCC484BA01C}.Debug|Any CPU.ActiveCfg = Debug|Any CPU
		{22CDD4E2-1C9A-4B40-BE27-AFCC484BA01C}.Debug|Any CPU.Build.0 = Debug|Any CPU
		{22CDD4E2-1C9A-4B40-BE27-AFCC484BA01C}.Release|Any CPU.ActiveCfg = Release|Any CPU
		{22CDD4E2-1C9A-4B40-BE27-AFCC484BA01C}.Release|Any CPU.Build.0 = Release|Any CPU
		{42894E30-2946-4484-891E-C2567AD783E7}.Debug|Any CPU.ActiveCfg = Debug|Any CPU
		{42894E30-2946-4484-891E-C2567AD783E7}.Debug|Any CPU.Build.0 = Debug|Any CPU
		{42894E30-2946-4484-891E-C2567AD783E7}.Release|Any CPU.ActiveCfg = Release|Any CPU
		{42894E30-2946-4484-891E-C2567AD783E7}.Release|Any CPU.Build.0 = Release|Any CPU
		{E2FEE5CC-D258-424D-B0FD-2F9F803DF00A}.Debug|Any CPU.ActiveCfg = Debug|Any CPU
		{E2FEE5CC-D258-424D-B0FD-2F9F803DF00A}.Debug|Any CPU.Build.0 = Debug|Any CPU
		{E2FEE5CC-D258-424D-B0FD-2F9F803DF00A}.Release|Any CPU.ActiveCfg = Release|Any CPU
		{E2FEE5CC-D258-424D-B0FD-2F9F803DF00A}.Release|Any CPU.Build.0 = Release|Any CPU
		{87821354-A53B-4D41-A187-2E0277D710F5}.Debug|Any CPU.ActiveCfg = Debug|Any CPU
		{87821354-A53B-4D41-A187-2E0277D710F5}.Debug|Any CPU.Build.0 = Debug|Any CPU
		{87821354-A53B-4D41-A187-2E0277D710F5}.Release|Any CPU.ActiveCfg = Release|Any CPU
		{87821354-A53B-4D41-A187-2E0277D710F5}.Release|Any CPU.Build.0 = Release|Any CPU
	EndGlobalSection
	GlobalSection(NestedProjects) = preSolution
		{A4A73874-3042-415B-853B-30B36BD674BD} = {2D5FA529-6479-46C6-A4EB-9907EC17DAB2}
		{625BA3AD-B08E-4F48-9D12-94036B93279A} = {F6AE2394-314C-4B7F-A90E-B84AA5EF5AF7}
		{EF570129-DDFD-4D64-AF17-D18FF7372A2A} = {625BA3AD-B08E-4F48-9D12-94036B93279A}
		{847B0416-D8F9-4D07-BBC5-E8828FBB85C0} = {625BA3AD-B08E-4F48-9D12-94036B93279A}
		{8CF7D8AA-964B-457E-A4E6-6133CF5B7E81} = {625BA3AD-B08E-4F48-9D12-94036B93279A}
		{6DD0D4F1-4E21-4341-8DE6-5A74D82524D9} = {625BA3AD-B08E-4F48-9D12-94036B93279A}
		{D0319D3E-2B99-4458-8D08-BA86F5487759} = {625BA3AD-B08E-4F48-9D12-94036B93279A}
		{7C309FB0-27A6-4FCA-915A-7C106B0816E4} = {17409F01-E072-43E7-A0FC-D3A31574BFAF}
		{9371594D-5288-4A97-8B8A-CF12EE997B53} = {7C309FB0-27A6-4FCA-915A-7C106B0816E4}
		{22CDD4E2-1C9A-4B40-BE27-AFCC484BA01C} = {7C309FB0-27A6-4FCA-915A-7C106B0816E4}
		{42894E30-2946-4484-891E-C2567AD783E7} = {7C309FB0-27A6-4FCA-915A-7C106B0816E4}
		{E2FEE5CC-D258-424D-B0FD-2F9F803DF00A} = {7C309FB0-27A6-4FCA-915A-7C106B0816E4}
		{87821354-A53B-4D41-A187-2E0277D710F5} = {7C309FB0-27A6-4FCA-915A-7C106B0816E4}
	EndGlobalSection
EndGlobal
